PODS:
  - CocoaLumberjack/Default (3.3.0)
  - CocoaLumberjack/Swift (3.3.0):
    - CocoaLumberjack/Default
  - Fakery (3.2.1)
  - JacKit (1.0):
    - CocoaLumberjack/Swift (~> 3.3.0)
  - MudoxKit/Core (0.1.0):
    - JacKit
    - RxCocoa
    - RxSwift
    - RxSwiftExt
  - Nimble (7.1.1)
  - Quick (1.3.0)
  - RxCocoa (4.1.2):
    - RxSwift (~> 4.0)
  - RxSwift (4.1.2)
  - RxSwiftExt (3.2.0):
    - RxSwiftExt/Core (= 3.2.0)
  - RxSwiftExt/Core (3.2.0):
    - RxSwift (~> 4.0)

DEPENDENCIES:
  - Fakery
  - JacKit (from `../`)
  - MudoxKit/Core (from `../../MudoxKit/`)
  - Nimble
  - Quick

SPEC REPOS:
  https://github.com/cocoapods/specs.git:
    - CocoaLumberjack
    - Fakery
    - Nimble
    - Quick
    - RxCocoa
    - RxSwift
    - RxSwiftExt

EXTERNAL SOURCES:
  JacKit:
    :path: "../"
  MudoxKit:
    :path: "../../MudoxKit/"

SPEC CHECKSUMS:
  CocoaLumberjack: 3c8c74683302f9012bb168e1c4b7ae3c0b558431
  Fakery: 2302d14690e6fb01419a46f41cf8b2c51420a270
  JacKit: b0038a8a0acaaaa1117e14a0276cabcf6b4c3d10
  MudoxKit: db25b2ca044fe4d56628ebead8104f74a2bc9561
  Nimble: 391f07782af4b37914f9bd7b2ffbb952731b8202
  Quick: 03278013f71aa05fe9ecabc94fbcc6835f1ee76f
  RxCocoa: d88ba0f1f6abf040011a9eb4b539324fc426843a
  RxSwift: e49536837d9901277638493ea537394d4b55f570
  RxSwiftExt: 64b7140124629a6a084159735f3714f0fb1c61d6

PODFILE CHECKSUM: 83145a69f776a86cf76071c466e494e434841356

COCOAPODS: 1.5.3
